
Microsoft Visual Studio Solution File, Format Version 12.00
# Visual Studio 2013
VisualStudioVersion = 12.0.31101.0
MinimumVisualStudioVersion = 10.0.40219.1
Project("{FAE04EC0-301F-11D3-BF4B-00C04F79EFBC}") = "531-web", "531-web\531-web.csproj", "{1C158CF6-3A66-418C-8354-F7D54BCDBB7D}"
EndProject
Project("{FAE04EC0-301F-11D3-BF4B-00C04F79EFBC}") = "531-web.Tests", "531-web.Tests\531-web.Tests.csproj", "{B28D6B2D-AB2C-4D3D-890B-349EAF5A6C41}"
EndProject
Global
	GlobalSection(SolutionConfigurationPlatforms) = preSolution
		Debug|Any CPU = Debug|Any CPU
		Release|Any CPU = Release|Any CPU
	EndGlobalSection
	GlobalSection(ProjectConfigurationPlatforms) = postSolution
		{1C158CF6-3A66-418C-8354-F7D54BCDBB7D}.Debug|Any CPU.ActiveCfg = Debug|Any CPU
		{1C158CF6-3A66-418C-8354-F7D54BCDBB7D}.Debug|Any CPU.Build.0 = Debug|Any CPU
		{1C158CF6-3A66-418C-8354-F7D54BCDBB7D}.Release|Any CPU.ActiveCfg = Release|Any CPU
		{1C158CF6-3A66-418C-8354-F7D54BCDBB7D}.Release|Any CPU.Build.0 = Release|Any CPU
		{B28D6B2D-AB2C-4D3D-890B-349EAF5A6C41}.Debug|Any CPU.ActiveCfg = Debug|Any CPU
		{B28D6B2D-AB2C-4D3D-890B-349EAF5A6C41}.Debug|Any CPU.Build.0 = Debug|Any CPU
		{B28D6B2D-AB2C-4D3D-890B-349EAF5A6C41}.Release|Any CPU.ActiveCfg = Release|Any CPU
		{B28D6B2D-AB2C-4D3D-890B-349EAF5A6C41}.Release|Any CPU.Build.0 = Release|Any CPU
	EndGlobalSection
	GlobalSection(SolutionProperties) = preSolution
		HideSolutionNode = FALSE
	EndGlobalSection
EndGlobal
